
Microsoft Visual Studio Solution File, Format Version 12.00
# Visual Studio Version 17
VisualStudioVersion = 17.14.36623.8 d17.14
MinimumVisualStudioVersion = 10.0.40219.1
Project("{FAE04EC0-301F-11D3-BF4B-00C04F79EFBC}") = "GamesLauncher", "GamesLauncher.csproj", "{DBECF3B0-2E40-4E2B-AC63-EC7EF89F08A3}"
EndProject
Global
	GlobalSection(SolutionConfigurationPlatforms) = preSolution
		Debug|Any CPU = Debug|Any CPU
		Release|Any CPU = Release|Any CPU
	EndGlobalSection
	GlobalSection(ProjectConfigurationPlatforms) = postSolution
		{DBECF3B0-2E40-4E2B-AC63-EC7EF89F08A3}.Debug|Any CPU.ActiveCfg = Debug|Any CPU
		{DBECF3B0-2E40-4E2B-AC63-EC7EF89F08A3}.Debug|Any CPU.Build.0 = Debug|Any CPU
		{DBECF3B0-2E40-4E2B-AC63-EC7EF89F08A3}.Release|Any CPU.ActiveCfg = Release|Any CPU
		{DBECF3B0-2E40-4E2B-AC63-EC7EF89F08A3}.Release|Any CPU.Build.0 = Release|Any CPU
	EndGlobalSection
	GlobalSection(SolutionProperties) = preSolution
		HideSolutionNode = FALSE
	EndGlobalSection
	GlobalSection(ExtensibilityGlobals) = postSolution
		SolutionGuid = {95A04702-9B88-4A9C-A82B-7D42E248F531}
	EndGlobalSection
EndGlobal
